
Microsoft Visual Studio Solution File, Format Version 12.00
# Visual Studio 2012
Project("{FAE04EC0-301F-11D3-BF4B-00C04F79EFBC}") = "ReferLocal", "ReferLocal\ReferLocal.csproj", "{1596E4B2-0893-48C3-882D-5C9DECD73BA6}"
EndProject
Project("{FAE04EC0-301F-11D3-BF4B-00C04F79EFBC}") = "ReferLocal.iOS", "iOS\ReferLocal.iOS.csproj", "{13F2CE5B-E660-400E-A391-DACFCD619CD2}"
EndProject
Project("{FAE04EC0-301F-11D3-BF4B-00C04F79EFBC}") = "ReferLocal.Droid", "Droid\ReferLocal.Droid.csproj", "{F04FF18D-A593-4CF8-9F12-9AD77D427CCF}"
EndProject
Project("{FAE04EC0-301F-11D3-BF4B-00C04F79EFBC}") = "ReferLocal.UITests", "UITests\ReferLocal.UITests.csproj", "{1D3D0B72-BC3F-489E-A8A2-16CAA8F1E972}"
EndProject
Project("{FAE04EC0-301F-11D3-BF4B-00C04F79EFBC}") = "ZXing.Net.Mobile.Core", "Source\ZXing.Net.Mobile.Core\ZXing.Net.Mobile.Core.csproj", "{7528DD0A-1781-47F4-ADBF-EEDDB011F6BB}"
EndProject
Project("{FAE04EC0-301F-11D3-BF4B-00C04F79EFBC}") = "ZXing.Net.Mobile.Forms", "Source\ZXing.Net.Mobile.Forms\ZXing.Net.Mobile.Forms.csproj", "{8E54DB74-C094-4016-859A-D1C7F2509A58}"
EndProject
Project("{FAE04EC0-301F-11D3-BF4B-00C04F79EFBC}") = "ZXing.Net.Mobile.Forms.Android", "Source\ZXing.Net.Mobile.Forms.Android\ZXing.Net.Mobile.Forms.Android.csproj", "{DC2FF2AE-4090-4056-BBE4-087BDE6567BD}"
EndProject
Project("{FAE04EC0-301F-11D3-BF4B-00C04F79EFBC}") = "ZXing.Net.Mobile.Forms.iOS", "Source\ZXing.Net.Mobile.Forms.iOS\ZXing.Net.Mobile.Forms.iOS.csproj", "{8370ADB4-229C-4DEC-908F-B1A8FC155523}"
EndProject
Project("{FAE04EC0-301F-11D3-BF4B-00C04F79EFBC}") = "ZXing.Net.Mobile.iOS", "Source\ZXing.Net.Mobile.iOS\ZXing.Net.Mobile.iOS.csproj", "{6CBD1DF3-1FD3-4F20-80A2-A0C7414C411A}"
EndProject
Project("{FAE04EC0-301F-11D3-BF4B-00C04F79EFBC}") = "ZXing.Net.Mobile.Android", "Source\ZXing.Net.Mobile.Android\ZXing.Net.Mobile.Android.csproj", "{AC17589E-C817-4FA8-B3EC-CCEB25E55E59}"
EndProject
Project("{FAE04EC0-301F-11D3-BF4B-00C04F79EFBC}") = "zxing.portable", "Source\ZXing.Net\zxing.portable.csproj", "{24B441F2-CBE9-4405-9FD0-72EBCBEA0EC3}"
EndProject
Global
	GlobalSection(SolutionConfigurationPlatforms) = preSolution
		Debug|Any CPU = Debug|Any CPU
		Release|Any CPU = Release|Any CPU
		Debug|iPhoneSimulator = Debug|iPhoneSimulator
		Release|iPhone = Release|iPhone
		Release|iPhoneSimulator = Release|iPhoneSimulator
		Debug|iPhone = Debug|iPhone
	EndGlobalSection
	GlobalSection(ProjectConfigurationPlatforms) = postSolution
		{1596E4B2-0893-48C3-882D-5C9DECD73BA6}.Debug|Any CPU.ActiveCfg = Debug|Any CPU
		{1596E4B2-0893-48C3-882D-5C9DECD73BA6}.Debug|Any CPU.Build.0 = Debug|Any CPU
		{1596E4B2-0893-48C3-882D-5C9DECD73BA6}.Release|Any CPU.ActiveCfg = Release|Any CPU
		{1596E4B2-0893-48C3-882D-5C9DECD73BA6}.Release|Any CPU.Build.0 = Release|Any CPU
		{1596E4B2-0893-48C3-882D-5C9DECD73BA6}.Debug|iPhoneSimulator.ActiveCfg = Debug|Any CPU
		{1596E4B2-0893-48C3-882D-5C9DECD73BA6}.Debug|iPhoneSimulator.Build.0 = Debug|Any CPU
		{1596E4B2-0893-48C3-882D-5C9DECD73BA6}.Release|iPhone.ActiveCfg = Release|Any CPU
		{1596E4B2-0893-48C3-882D-5C9DECD73BA6}.Release|iPhone.Build.0 = Release|Any CPU
		{1596E4B2-0893-48C3-882D-5C9DECD73BA6}.Release|iPhoneSimulator.ActiveCfg = Release|Any CPU
		{1596E4B2-0893-48C3-882D-5C9DECD73BA6}.Release|iPhoneSimulator.Build.0 = Release|Any CPU
		{1596E4B2-0893-48C3-882D-5C9DECD73BA6}.Debug|iPhone.ActiveCfg = Debug|Any CPU
		{1596E4B2-0893-48C3-882D-5C9DECD73BA6}.Debug|iPhone.Build.0 = Debug|Any CPU
		{13F2CE5B-E660-400E-A391-DACFCD619CD2}.Debug|Any CPU.ActiveCfg = Debug|iPhoneSimulator
		{13F2CE5B-E660-400E-A391-DACFCD619CD2}.Debug|Any CPU.Build.0 = Debug|iPhoneSimulator
		{13F2CE5B-E660-400E-A391-DACFCD619CD2}.Release|Any CPU.ActiveCfg = Release|iPhone
		{13F2CE5B-E660-400E-A391-DACFCD619CD2}.Release|Any CPU.Build.0 = Release|iPhone
		{13F2CE5B-E660-400E-A391-DACFCD619CD2}.Debug|iPhoneSimulator.ActiveCfg = Debug|iPhoneSimulator
		{13F2CE5B-E660-400E-A391-DACFCD619CD2}.Debug|iPhoneSimulator.Build.0 = Debug|iPhoneSimulator
		{13F2CE5B-E660-400E-A391-DACFCD619CD2}.Release|iPhone.ActiveCfg = Release|iPhone
		{13F2CE5B-E660-400E-A391-DACFCD619CD2}.Release|iPhone.Build.0 = Release|iPhone
		{13F2CE5B-E660-400E-A391-DACFCD619CD2}.Release|iPhoneSimulator.ActiveCfg = Release|iPhoneSimulator
		{13F2CE5B-E660-400E-A391-DACFCD619CD2}.Release|iPhoneSimulator.Build.0 = Release|iPhoneSimulator
		{13F2CE5B-E660-400E-A391-DACFCD619CD2}.Debug|iPhone.ActiveCfg = Debug|iPhone
		{13F2CE5B-E660-400E-A391-DACFCD619CD2}.Debug|iPhone.Build.0 = Debug|iPhone
		{F04FF18D-A593-4CF8-9F12-9AD77D427CCF}.Debug|Any CPU.ActiveCfg = Debug|Any CPU
		{F04FF18D-A593-4CF8-9F12-9AD77D427CCF}.Debug|Any CPU.Build.0 = Debug|Any CPU
		{F04FF18D-A593-4CF8-9F12-9AD77D427CCF}.Release|Any CPU.ActiveCfg = Release|Any CPU
		{F04FF18D-A593-4CF8-9F12-9AD77D427CCF}.Release|Any CPU.Build.0 = Release|Any CPU
		{F04FF18D-A593-4CF8-9F12-9AD77D427CCF}.Debug|iPhoneSimulator.ActiveCfg = Debug|Any CPU
		{F04FF18D-A593-4CF8-9F12-9AD77D427CCF}.Debug|iPhoneSimulator.Build.0 = Debug|Any CPU
		{F04FF18D-A593-4CF8-9F12-9AD77D427CCF}.Release|iPhone.ActiveCfg = Release|Any CPU
		{F04FF18D-A593-4CF8-9F12-9AD77D427CCF}.Release|iPhone.Build.0 = Release|Any CPU
		{F04FF18D-A593-4CF8-9F12-9AD77D427CCF}.Release|iPhoneSimulator.ActiveCfg = Release|Any CPU
		{F04FF18D-A593-4CF8-9F12-9AD77D427CCF}.Release|iPhoneSimulator.Build.0 = Release|Any CPU
		{F04FF18D-A593-4CF8-9F12-9AD77D427CCF}.Debug|iPhone.ActiveCfg = Debug|Any CPU
		{F04FF18D-A593-4CF8-9F12-9AD77D427CCF}.Debug|iPhone.Build.0 = Debug|Any CPU
		{1D3D0B72-BC3F-489E-A8A2-16CAA8F1E972}.Debug|Any CPU.ActiveCfg = Debug|Any CPU
		{1D3D0B72-BC3F-489E-A8A2-16CAA8F1E972}.Debug|Any CPU.Build.0 = Debug|Any CPU
		{1D3D0B72-BC3F-489E-A8A2-16CAA8F1E972}.Release|Any CPU.ActiveCfg = Release|Any CPU
		{1D3D0B72-BC3F-489E-A8A2-16CAA8F1E972}.Release|Any CPU.Build.0 = Release|Any CPU
		{1D3D0B72-BC3F-489E-A8A2-16CAA8F1E972}.Debug|iPhoneSimulator.ActiveCfg = Debug|Any CPU
		{1D3D0B72-BC3F-489E-A8A2-16CAA8F1E972}.Debug|iPhoneSimulator.Build.0 = Debug|Any CPU
		{1D3D0B72-BC3F-489E-A8A2-16CAA8F1E972}.Release|iPhone.ActiveCfg = Release|Any CPU
		{1D3D0B72-BC3F-489E-A8A2-16CAA8F1E972}.Release|iPhone.Build.0 = Release|Any CPU
		{1D3D0B72-BC3F-489E-A8A2-16CAA8F1E972}.Release|iPhoneSimulator.ActiveCfg = Release|Any CPU
		{1D3D0B72-BC3F-489E-A8A2-16CAA8F1E972}.Release|iPhoneSimulator.Build.0 = Release|Any CPU
		{1D3D0B72-BC3F-489E-A8A2-16CAA8F1E972}.Debug|iPhone.ActiveCfg = Debug|Any CPU
		{1D3D0B72-BC3F-489E-A8A2-16CAA8F1E972}.Debug|iPhone.Build.0 = Debug|Any CPU
		{7528DD0A-1781-47F4-ADBF-EEDDB011F6BB}.Debug|Any CPU.ActiveCfg = Debug|Any CPU
		{7528DD0A-1781-47F4-ADBF-EEDDB011F6BB}.Debug|Any CPU.Build.0 = Debug|Any CPU
		{7528DD0A-1781-47F4-ADBF-EEDDB011F6BB}.Release|Any CPU.ActiveCfg = Release|Any CPU
		{7528DD0A-1781-47F4-ADBF-EEDDB011F6BB}.Release|Any CPU.Build.0 = Release|Any CPU
		{7528DD0A-1781-47F4-ADBF-EEDDB011F6BB}.Debug|iPhoneSimulator.ActiveCfg = Debug|Any CPU
		{7528DD0A-1781-47F4-ADBF-EEDDB011F6BB}.Debug|iPhoneSimulator.Build.0 = Debug|Any CPU
		{7528DD0A-1781-47F4-ADBF-EEDDB011F6BB}.Release|iPhone.ActiveCfg = Release|Any CPU
		{7528DD0A-1781-47F4-ADBF-EEDDB011F6BB}.Release|iPhone.Build.0 = Release|Any CPU
		{7528DD0A-1781-47F4-ADBF-EEDDB011F6BB}.Release|iPhoneSimulator.ActiveCfg = Release|Any CPU
		{7528DD0A-1781-47F4-ADBF-EEDDB011F6BB}.Release|iPhoneSimulator.Build.0 = Release|Any CPU
		{7528DD0A-1781-47F4-ADBF-EEDDB011F6BB}.Debug|iPhone.ActiveCfg = Debug|Any CPU
		{7528DD0A-1781-47F4-ADBF-EEDDB011F6BB}.Debug|iPhone.Build.0 = Debug|Any CPU
		{8E54DB74-C094-4016-859A-D1C7F2509A58}.Debug|Any CPU.ActiveCfg = Debug|Any CPU
		{8E54DB74-C094-4016-859A-D1C7F2509A58}.Debug|Any CPU.Build.0 = Debug|Any CPU
		{8E54DB74-C094-4016-859A-D1C7F2509A58}.Release|Any CPU.ActiveCfg = Release|Any CPU
		{8E54DB74-C094-4016-859A-D1C7F2509A58}.Release|Any CPU.Build.0 = Release|Any CPU
		{8E54DB74-C094-4016-859A-D1C7F2509A58}.Debug|iPhoneSimulator.ActiveCfg = Debug|Any CPU
		{8E54DB74-C094-4016-859A-D1C7F2509A58}.Debug|iPhoneSimulator.Build.0 = Debug|Any CPU
		{8E54DB74-C094-4016-859A-D1C7F2509A58}.Release|iPhone.ActiveCfg = Release|Any CPU
		{8E54DB74-C094-4016-859A-D1C7F2509A58}.Release|iPhone.Build.0 = Release|Any CPU
		{8E54DB74-C094-4016-859A-D1C7F2509A58}.Release|iPhoneSimulator.ActiveCfg = Release|Any CPU
		{8E54DB74-C094-4016-859A-D1C7F2509A58}.Release|iPhoneSimulator.Build.0 = Release|Any CPU
		{8E54DB74-C094-4016-859A-D1C7F2509A58}.Debug|iPhone.ActiveCfg = Debug|Any CPU
		{8E54DB74-C094-4016-859A-D1C7F2509A58}.Debug|iPhone.Build.0 = Debug|Any CPU
		{DC2FF2AE-4090-4056-BBE4-087BDE6567BD}.Debug|Any CPU.ActiveCfg = Debug|Any CPU
		{DC2FF2AE-4090-4056-BBE4-087BDE6567BD}.Debug|Any CPU.Build.0 = Debug|Any CPU
		{DC2FF2AE-4090-4056-BBE4-087BDE6567BD}.Release|Any CPU.ActiveCfg = Release|Any CPU
		{DC2FF2AE-4090-4056-BBE4-087BDE6567BD}.Release|Any CPU.Build.0 = Release|Any CPU
		{DC2FF2AE-4090-4056-BBE4-087BDE6567BD}.Debug|iPhoneSimulator.ActiveCfg = Debug|Any CPU
		{DC2FF2AE-4090-4056-BBE4-087BDE6567BD}.Debug|iPhoneSimulator.Build.0 = Debug|Any CPU
		{DC2FF2AE-4090-4056-BBE4-087BDE6567BD}.Release|iPhone.ActiveCfg = Release|Any CPU
		{DC2FF2AE-4090-4056-BBE4-087BDE6567BD}.Release|iPhone.Build.0 = Release|Any CPU
		{DC2FF2AE-4090-4056-BBE4-087BDE6567BD}.Release|iPhoneSimulator.ActiveCfg = Release|Any CPU
		{DC2FF2AE-4090-4056-BBE4-087BDE6567BD}.Release|iPhoneSimulator.Build.0 = Release|Any CPU
		{DC2FF2AE-4090-4056-BBE4-087BDE6567BD}.Debug|iPhone.ActiveCfg = Debug|Any CPU
		{DC2FF2AE-4090-4056-BBE4-087BDE6567BD}.Debug|iPhone.Build.0 = Debug|Any CPU
		{8370ADB4-229C-4DEC-908F-B1A8FC155523}.Debug|Any CPU.ActiveCfg = Debug|Any CPU
		{8370ADB4-229C-4DEC-908F-B1A8FC155523}.Debug|Any CPU.Build.0 = Debug|Any CPU
		{8370ADB4-229C-4DEC-908F-B1A8FC155523}.Release|Any CPU.ActiveCfg = Release|Any CPU
		{8370ADB4-229C-4DEC-908F-B1A8FC155523}.Release|Any CPU.Build.0 = Release|Any CPU
		{8370ADB4-229C-4DEC-908F-B1A8FC155523}.Debug|iPhoneSimulator.ActiveCfg = Debug|Any CPU
		{8370ADB4-229C-4DEC-908F-B1A8FC155523}.Debug|iPhoneSimulator.Build.0 = Debug|Any CPU
		{8370ADB4-229C-4DEC-908F-B1A8FC155523}.Release|iPhone.ActiveCfg = Release|Any CPU
		{8370ADB4-229C-4DEC-908F-B1A8FC155523}.Release|iPhone.Build.0 = Release|Any CPU
		{8370ADB4-229C-4DEC-908F-B1A8FC155523}.Release|iPhoneSimulator.ActiveCfg = Release|Any CPU
		{8370ADB4-229C-4DEC-908F-B1A8FC155523}.Release|iPhoneSimulator.Build.0 = Release|Any CPU
		{8370ADB4-229C-4DEC-908F-B1A8FC155523}.Debug|iPhone.ActiveCfg = Debug|Any CPU
		{8370ADB4-229C-4DEC-908F-B1A8FC155523}.Debug|iPhone.Build.0 = Debug|Any CPU
		{6CBD1DF3-1FD3-4F20-80A2-A0C7414C411A}.Debug|Any CPU.ActiveCfg = Debug|iPhoneSimulator
		{6CBD1DF3-1FD3-4F20-80A2-A0C7414C411A}.Debug|Any CPU.Build.0 = Debug|iPhoneSimulator
		{6CBD1DF3-1FD3-4F20-80A2-A0C7414C411A}.Release|Any CPU.ActiveCfg = Release|iPhone
		{6CBD1DF3-1FD3-4F20-80A2-A0C7414C411A}.Release|Any CPU.Build.0 = Release|iPhone
		{6CBD1DF3-1FD3-4F20-80A2-A0C7414C411A}.Debug|iPhoneSimulator.ActiveCfg = Debug|iPhoneSimulator
		{6CBD1DF3-1FD3-4F20-80A2-A0C7414C411A}.Debug|iPhoneSimulator.Build.0 = Debug|iPhoneSimulator
		{6CBD1DF3-1FD3-4F20-80A2-A0C7414C411A}.Release|iPhone.ActiveCfg = Release|iPhone
		{6CBD1DF3-1FD3-4F20-80A2-A0C7414C411A}.Release|iPhone.Build.0 = Release|iPhone
		{6CBD1DF3-1FD3-4F20-80A2-A0C7414C411A}.Release|iPhoneSimulator.ActiveCfg = Release|iPhoneSimulator
		{6CBD1DF3-1FD3-4F20-80A2-A0C7414C411A}.Release|iPhoneSimulator.Build.0 = Release|iPhoneSimulator
		{6CBD1DF3-1FD3-4F20-80A2-A0C7414C411A}.Debug|iPhone.ActiveCfg = Debug|iPhone
		{6CBD1DF3-1FD3-4F20-80A2-A0C7414C411A}.Debug|iPhone.Build.0 = Debug|iPhone
		{AC17589E-C817-4FA8-B3EC-CCEB25E55E59}.Debug|Any CPU.ActiveCfg = Debug|Any CPU
		{AC17589E-C817-4FA8-B3EC-CCEB25E55E59}.Debug|Any CPU.Build.0 = Debug|Any CPU
		{AC17589E-C817-4FA8-B3EC-CCEB25E55E59}.Release|Any CPU.ActiveCfg = Release|Any CPU
		{AC17589E-C817-4FA8-B3EC-CCEB25E55E59}.Release|Any CPU.Build.0 = Release|Any CPU
		{AC17589E-C817-4FA8-B3EC-CCEB25E55E59}.Debug|iPhoneSimulator.ActiveCfg = Debug|Any CPU
		{AC17589E-C817-4FA8-B3EC-CCEB25E55E59}.Debug|iPhoneSimulator.Build.0 = Debug|Any CPU
		{AC17589E-C817-4FA8-B3EC-CCEB25E55E59}.Release|iPhone.ActiveCfg = Release|Any CPU
		{AC17589E-C817-4FA8-B3EC-CCEB25E55E59}.Release|iPhone.Build.0 = Release|Any CPU
		{AC17589E-C817-4FA8-B3EC-CCEB25E55E59}.Release|iPhoneSimulator.ActiveCfg = Release|Any CPU
		{AC17589E-C817-4FA8-B3EC-CCEB25E55E59}.Release|iPhoneSimulator.Build.0 = Release|Any CPU
		{AC17589E-C817-4FA8-B3EC-CCEB25E55E59}.Debug|iPhone.ActiveCfg = Debug|Any CPU
		{AC17589E-C817-4FA8-B3EC-CCEB25E55E59}.Debug|iPhone.Build.0 = Debug|Any CPU
		{24B441F2-CBE9-4405-9FD0-72EBCBEA0EC3}.Debug|Any CPU.ActiveCfg = Debug|Any CPU
		{24B441F2-CBE9-4405-9FD0-72EBCBEA0EC3}.Debug|Any CPU.Build.0 = Debug|Any CPU
		{24B441F2-CBE9-4405-9FD0-72EBCBEA0EC3}.Release|Any CPU.ActiveCfg = Release|Any CPU
		{24B441F2-CBE9-4405-9FD0-72EBCBEA0EC3}.Release|Any CPU.Build.0 = Release|Any CPU
		{24B441F2-CBE9-4405-9FD0-72EBCBEA0EC3}.Debug|iPhoneSimulator.ActiveCfg = Debug|Any CPU
		{24B441F2-CBE9-4405-9FD0-72EBCBEA0EC3}.Debug|iPhoneSimulator.Build.0 = Debug|Any CPU
		{24B441F2-CBE9-4405-9FD0-72EBCBEA0EC3}.Release|iPhone.ActiveCfg = Release|Any CPU
		{24B441F2-CBE9-4405-9FD0-72EBCBEA0EC3}.Release|iPhone.Build.0 = Release|Any CPU
		{24B441F2-CBE9-4405-9FD0-72EBCBEA0EC3}.Release|iPhoneSimulator.ActiveCfg = Release|Any CPU
		{24B441F2-CBE9-4405-9FD0-72EBCBEA0EC3}.Release|iPhoneSimulator.Build.0 = Release|Any CPU
		{24B441F2-CBE9-4405-9FD0-72EBCBEA0EC3}.Debug|iPhone.ActiveCfg = Debug|Any CPU
		{24B441F2-CBE9-4405-9FD0-72EBCBEA0EC3}.Debug|iPhone.Build.0 = Debug|Any CPU
	EndGlobalSection
EndGlobal
